
Microsoft Visual Studio Solution File, Format Version 12.00
# Visual Studio Version 17
VisualStudioVersion = 17.2.32526.322
MinimumVisualStudioVersion = 10.0.40219.1
Project("{FAE04EC0-301F-11D3-BF4B-00C04F79EFBC}") = "DoctorWho", "DoctorWho\DoctorWho.csproj", "{074D38E5-79F9-4284-82F4-4313A06C045F}"
EndProject
Project("{FAE04EC0-301F-11D3-BF4B-00C04F79EFBC}") = "DoctorWho.DB", "DoctorWho.DB\DoctorWho.DB.csproj", "{E37B5630-6FD2-4DC6-A570-001A6EDCBDEC}"
EndProject
Global
	GlobalSection(SolutionConfigurationPlatforms) = preSolution
		Debug|Any CPU = Debug|Any CPU
		Release|Any CPU = Release|Any CPU
	EndGlobalSection
	GlobalSection(ProjectConfigurationPlatforms) = postSolution
		{074D38E5-79F9-4284-82F4-4313A06C045F}.Debug|Any CPU.ActiveCfg = Debug|Any CPU
		{074D38E5-79F9-4284-82F4-4313A06C045F}.Debug|Any CPU.Build.0 = Debug|Any CPU
		{074D38E5-79F9-4284-82F4-4313A06C045F}.Release|Any CPU.ActiveCfg = Release|Any CPU
		{074D38E5-79F9-4284-82F4-4313A06C045F}.Release|Any CPU.Build.0 = Release|Any CPU
		{E37B5630-6FD2-4DC6-A570-001A6EDCBDEC}.Debug|Any CPU.ActiveCfg = Debug|Any CPU
		{E37B5630-6FD2-4DC6-A570-001A6EDCBDEC}.Debug|Any CPU.Build.0 = Debug|Any CPU
		{E37B5630-6FD2-4DC6-A570-001A6EDCBDEC}.Release|Any CPU.ActiveCfg = Release|Any CPU
		{E37B5630-6FD2-4DC6-A570-001A6EDCBDEC}.Release|Any CPU.Build.0 = Release|Any CPU
	EndGlobalSection
	GlobalSection(SolutionProperties) = preSolution
		HideSolutionNode = FALSE
	EndGlobalSection
	GlobalSection(ExtensibilityGlobals) = postSolution
		SolutionGuid = {69364108-5532-4BFD-A0C7-A3E320EB5136}
	EndGlobalSection
EndGlobal
